
Microsoft Visual Studio Solution File, Format Version 12.00
# Visual Studio Version 17
VisualStudioVersion = 17.11.35431.28
MinimumVisualStudioVersion = 10.0.40219.1
Project("{9A19103F-16F7-4668-BE54-9A1E7A4F7556}") = "ShortenerLinkAPI", "ShortenerLinkAPI\ShortenerLinkAPI.csproj", "{7D510610-BFFC-4529-961E-66C17078750C}"
EndProject
Project("{9A19103F-16F7-4668-BE54-9A1E7A4F7556}") = "ShortenerLinkApp", "ShortenerLinkApp\ShortenerLinkApp.csproj", "{B668B20F-9E0D-470E-9B5A-105612055551}"
EndProject
Global
	GlobalSection(SolutionConfigurationPlatforms) = preSolution
		Debug|Any CPU = Debug|Any CPU
		Release|Any CPU = Release|Any CPU
	EndGlobalSection
	GlobalSection(ProjectConfigurationPlatforms) = postSolution
		{7D510610-BFFC-4529-961E-66C17078750C}.Debug|Any CPU.ActiveCfg = Debug|Any CPU
		{7D510610-BFFC-4529-961E-66C17078750C}.Debug|Any CPU.Build.0 = Debug|Any CPU
		{7D510610-BFFC-4529-961E-66C17078750C}.Release|Any CPU.ActiveCfg = Release|Any CPU
		{7D510610-BFFC-4529-961E-66C17078750C}.Release|Any CPU.Build.0 = Release|Any CPU
		{B668B20F-9E0D-470E-9B5A-105612055551}.Debug|Any CPU.ActiveCfg = Debug|Any CPU
		{B668B20F-9E0D-470E-9B5A-105612055551}.Debug|Any CPU.Build.0 = Debug|Any CPU
		{B668B20F-9E0D-470E-9B5A-105612055551}.Release|Any CPU.ActiveCfg = Release|Any CPU
		{B668B20F-9E0D-470E-9B5A-105612055551}.Release|Any CPU.Build.0 = Release|Any CPU
	EndGlobalSection
	GlobalSection(SolutionProperties) = preSolution
		HideSolutionNode = FALSE
	EndGlobalSection
	GlobalSection(ExtensibilityGlobals) = postSolution
		SolutionGuid = {8D1E5D8D-4D9F-45AA-BE86-5F555D1661A5}
	EndGlobalSection
EndGlobal
